
Microsoft Visual Studio Solution File, Format Version 12.00
# Visual Studio 15
VisualStudioVersion = 15.0.27703.2000
MinimumVisualStudioVersion = 10.0.40219.1
Project("{FAE04EC0-301F-11D3-BF4B-00C04F79EFBC}") = "Basic Syntax", "Basic Syntax\Basic Syntax.csproj", "{6164E285-7804-4AE5-97CF-F3287A76E353}"
EndProject
Project("{FAE04EC0-301F-11D3-BF4B-00C04F79EFBC}") = "Rectangle Area", "Rectangle Area\Rectangle Area.csproj", "{9E056D6E-8343-4345-8426-6E26F8564309}"
EndProject
Project("{FAE04EC0-301F-11D3-BF4B-00C04F79EFBC}") = "miles to kilometers", "ConsoleApp1\miles to kilometers.csproj", "{5C27EFE6-C301-41FD-B57A-38631F194263}"
EndProject
Project("{FAE04EC0-301F-11D3-BF4B-00C04F79EFBC}") = "Beverage Labels", "Beverage Labels\Beverage Labels.csproj", "{6F001816-FB02-4A71-8D23-0DDB1256BC22}"
EndProject
Global
	GlobalSection(SolutionConfigurationPlatforms) = preSolution
		Debug|Any CPU = Debug|Any CPU
		Release|Any CPU = Release|Any CPU
	EndGlobalSection
	GlobalSection(ProjectConfigurationPlatforms) = postSolution
		{6164E285-7804-4AE5-97CF-F3287A76E353}.Debug|Any CPU.ActiveCfg = Debug|Any CPU
		{6164E285-7804-4AE5-97CF-F3287A76E353}.Debug|Any CPU.Build.0 = Debug|Any CPU
		{6164E285-7804-4AE5-97CF-F3287A76E353}.Release|Any CPU.ActiveCfg = Release|Any CPU
		{6164E285-7804-4AE5-97CF-F3287A76E353}.Release|Any CPU.Build.0 = Release|Any CPU
		{9E056D6E-8343-4345-8426-6E26F8564309}.Debug|Any CPU.ActiveCfg = Debug|Any CPU
		{9E056D6E-8343-4345-8426-6E26F8564309}.Debug|Any CPU.Build.0 = Debug|Any CPU
		{9E056D6E-8343-4345-8426-6E26F8564309}.Release|Any CPU.ActiveCfg = Release|Any CPU
		{9E056D6E-8343-4345-8426-6E26F8564309}.Release|Any CPU.Build.0 = Release|Any CPU
		{5C27EFE6-C301-41FD-B57A-38631F194263}.Debug|Any CPU.ActiveCfg = Debug|Any CPU
		{5C27EFE6-C301-41FD-B57A-38631F194263}.Debug|Any CPU.Build.0 = Debug|Any CPU
		{5C27EFE6-C301-41FD-B57A-38631F194263}.Release|Any CPU.ActiveCfg = Release|Any CPU
		{5C27EFE6-C301-41FD-B57A-38631F194263}.Release|Any CPU.Build.0 = Release|Any CPU
		{6F001816-FB02-4A71-8D23-0DDB1256BC22}.Debug|Any CPU.ActiveCfg = Debug|Any CPU
		{6F001816-FB02-4A71-8D23-0DDB1256BC22}.Debug|Any CPU.Build.0 = Debug|Any CPU
		{6F001816-FB02-4A71-8D23-0DDB1256BC22}.Release|Any CPU.ActiveCfg = Release|Any CPU
		{6F001816-FB02-4A71-8D23-0DDB1256BC22}.Release|Any CPU.Build.0 = Release|Any CPU
	EndGlobalSection
	GlobalSection(SolutionProperties) = preSolution
		HideSolutionNode = FALSE
	EndGlobalSection
	GlobalSection(ExtensibilityGlobals) = postSolution
		SolutionGuid = {AD5406F4-149D-4F3C-AAE7-28EBED820F4F}
	EndGlobalSection
EndGlobal
