
Microsoft Visual Studio Solution File, Format Version 12.00
# Visual Studio 15
VisualStudioVersion = 15.0.27703.2000
MinimumVisualStudioVersion = 10.0.40219.1
Project("{9A19103F-16F7-4668-BE54-9A1E7A4F7556}") = "Employee Data", "ConsoleApp1\Employee Data.csproj", "{DB8B2466-4040-4C01-AF86-4FF22EE1F296}"
EndProject
Project("{FAE04EC0-301F-11D3-BF4B-00C04F79EFBC}") = "Add Two Numbers", "Add Two Numbers\Add Two Numbers.csproj", "{6D414F30-9866-4720-B874-64B14BF3E4D6}"
EndProject
Project("{FAE04EC0-301F-11D3-BF4B-00C04F79EFBC}") = "Greeting", "Greeting\Greeting.csproj", "{F2C963E2-B1C5-4A81-88FD-BFB594960245}"
EndProject
Global
	GlobalSection(SolutionConfigurationPlatforms) = preSolution
		Debug|Any CPU = Debug|Any CPU
		Release|Any CPU = Release|Any CPU
	EndGlobalSection
	GlobalSection(ProjectConfigurationPlatforms) = postSolution
		{DB8B2466-4040-4C01-AF86-4FF22EE1F296}.Debug|Any CPU.ActiveCfg = Debug|Any CPU
		{DB8B2466-4040-4C01-AF86-4FF22EE1F296}.Debug|Any CPU.Build.0 = Debug|Any CPU
		{DB8B2466-4040-4C01-AF86-4FF22EE1F296}.Release|Any CPU.ActiveCfg = Release|Any CPU
		{DB8B2466-4040-4C01-AF86-4FF22EE1F296}.Release|Any CPU.Build.0 = Release|Any CPU
		{6D414F30-9866-4720-B874-64B14BF3E4D6}.Debug|Any CPU.ActiveCfg = Debug|Any CPU
		{6D414F30-9866-4720-B874-64B14BF3E4D6}.Debug|Any CPU.Build.0 = Debug|Any CPU
		{6D414F30-9866-4720-B874-64B14BF3E4D6}.Release|Any CPU.ActiveCfg = Release|Any CPU
		{6D414F30-9866-4720-B874-64B14BF3E4D6}.Release|Any CPU.Build.0 = Release|Any CPU
		{F2C963E2-B1C5-4A81-88FD-BFB594960245}.Debug|Any CPU.ActiveCfg = Debug|Any CPU
		{F2C963E2-B1C5-4A81-88FD-BFB594960245}.Debug|Any CPU.Build.0 = Debug|Any CPU
		{F2C963E2-B1C5-4A81-88FD-BFB594960245}.Release|Any CPU.ActiveCfg = Release|Any CPU
		{F2C963E2-B1C5-4A81-88FD-BFB594960245}.Release|Any CPU.Build.0 = Release|Any CPU
	EndGlobalSection
	GlobalSection(SolutionProperties) = preSolution
		HideSolutionNode = FALSE
	EndGlobalSection
	GlobalSection(ExtensibilityGlobals) = postSolution
		SolutionGuid = {34406EEB-98D3-46E2-9C1E-93C7ED73CC58}
	EndGlobalSection
EndGlobal
