
Microsoft Visual Studio Solution File, Format Version 12.00
# Visual Studio 15
VisualStudioVersion = 15.0.27703.2018
MinimumVisualStudioVersion = 10.0.40219.1
Project("{9A19103F-16F7-4668-BE54-9A1E7A4F7556}") = "DateofWeek", "Objects AND CLASSES\DateofWeek.csproj", "{90483C11-D25F-4D22-8306-E4AD61978BA3}"
EndProject
Project("{9A19103F-16F7-4668-BE54-9A1E7A4F7556}") = "Random Words", "ConsoleApp1\Random Words.csproj", "{FE1EAF15-C046-464A-8438-CCDE99165B56}"
EndProject
Project("{9A19103F-16F7-4668-BE54-9A1E7A4F7556}") = "Big Factorial", "Big Factorial\Big Factorial.csproj", "{8F398F79-67F9-4A36-B063-2DE848F84AD9}"
EndProject
Project("{FAE04EC0-301F-11D3-BF4B-00C04F79EFBC}") = "DistanceBetweentowPoints", "Distance BetweentowPoints\DistanceBetweentowPoints.csproj", "{17E05F80-4F2E-499F-BF83-A06E5CDF5A22}"
EndProject
Global
	GlobalSection(SolutionConfigurationPlatforms) = preSolution
		Debug|Any CPU = Debug|Any CPU
		Release|Any CPU = Release|Any CPU
	EndGlobalSection
	GlobalSection(ProjectConfigurationPlatforms) = postSolution
		{90483C11-D25F-4D22-8306-E4AD61978BA3}.Debug|Any CPU.ActiveCfg = Debug|Any CPU
		{90483C11-D25F-4D22-8306-E4AD61978BA3}.Debug|Any CPU.Build.0 = Debug|Any CPU
		{90483C11-D25F-4D22-8306-E4AD61978BA3}.Release|Any CPU.ActiveCfg = Release|Any CPU
		{90483C11-D25F-4D22-8306-E4AD61978BA3}.Release|Any CPU.Build.0 = Release|Any CPU
		{FE1EAF15-C046-464A-8438-CCDE99165B56}.Debug|Any CPU.ActiveCfg = Debug|Any CPU
		{FE1EAF15-C046-464A-8438-CCDE99165B56}.Debug|Any CPU.Build.0 = Debug|Any CPU
		{FE1EAF15-C046-464A-8438-CCDE99165B56}.Release|Any CPU.ActiveCfg = Release|Any CPU
		{FE1EAF15-C046-464A-8438-CCDE99165B56}.Release|Any CPU.Build.0 = Release|Any CPU
		{8F398F79-67F9-4A36-B063-2DE848F84AD9}.Debug|Any CPU.ActiveCfg = Debug|Any CPU
		{8F398F79-67F9-4A36-B063-2DE848F84AD9}.Debug|Any CPU.Build.0 = Debug|Any CPU
		{8F398F79-67F9-4A36-B063-2DE848F84AD9}.Release|Any CPU.ActiveCfg = Release|Any CPU
		{8F398F79-67F9-4A36-B063-2DE848F84AD9}.Release|Any CPU.Build.0 = Release|Any CPU
		{17E05F80-4F2E-499F-BF83-A06E5CDF5A22}.Debug|Any CPU.ActiveCfg = Debug|Any CPU
		{17E05F80-4F2E-499F-BF83-A06E5CDF5A22}.Debug|Any CPU.Build.0 = Debug|Any CPU
		{17E05F80-4F2E-499F-BF83-A06E5CDF5A22}.Release|Any CPU.ActiveCfg = Release|Any CPU
		{17E05F80-4F2E-499F-BF83-A06E5CDF5A22}.Release|Any CPU.Build.0 = Release|Any CPU
	EndGlobalSection
	GlobalSection(SolutionProperties) = preSolution
		HideSolutionNode = FALSE
	EndGlobalSection
	GlobalSection(ExtensibilityGlobals) = postSolution
		SolutionGuid = {0A24B0CD-25AA-4580-B815-42AD3B3E898C}
	EndGlobalSection
EndGlobal
